// !$*UTF8*$!
{
	archiveVersion = 1;
	classes = {
	};
	objectVersion = 50;
	objects = {

/* Begin PBXBuildFile section */
		231535C520CB341300883266 /* CollectionViewCell.xib in Resources */ = {isa = PBXBuildFile; fileRef = 231535C420CB341300883266 /* CollectionViewCell.xib */; };
		231535CC20CC00BC00883266 /* CollectionViewExtension.swift in Sources */ = {isa = PBXBuildFile; fileRef = 231535CB20CC00BC00883266 /* CollectionViewExtension.swift */; };
		231535CE20CC013900883266 /* EmptyCollectionView.swift in Sources */ = {isa = PBXBuildFile; fileRef = 231535CD20CC013900883266 /* EmptyCollectionView.swift */; };
		231535D020CC014000883266 /* EmptyCollectionView.xib in Resources */ = {isa = PBXBuildFile; fileRef = 231535CF20CC014000883266 /* EmptyCollectionView.xib */; };
		23502BD120B2F14600DA00A9 /* CollectionViewCell.swift in Sources */ = {isa = PBXBuildFile; fileRef = 23502BD020B2F14600DA00A9 /* CollectionViewCell.swift */; };
		2357802920A20663001DBFC4 /* AppDelegate.swift in Sources */ = {isa = PBXBuildFile; fileRef = 2357802820A20663001DBFC4 /* AppDelegate.swift */; };
		2357803020A20665001DBFC4 /* Assets.xcassets in Resources */ = {isa = PBXBuildFile; fileRef = 2357802F20A20665001DBFC4 /* Assets.xcassets */; };
		2357803320A20665001DBFC4 /* LaunchScreen.storyboard in Resources */ = {isa = PBXBuildFile; fileRef = 2357803120A20665001DBFC4 /* LaunchScreen.storyboard */; };
		2357803E20A20665001DBFC4 /* TTDTests.swift in Sources */ = {isa = PBXBuildFile; fileRef = 2357803D20A20665001DBFC4 /* TTDTests.swift */; };
		2357804A20A2068E001DBFC4 /* ColorExtension.swift in Sources */ = {isa = PBXBuildFile; fileRef = 2357804920A2068E001DBFC4 /* ColorExtension.swift */; };
		2357804D20A20E0A001DBFC4 /* ViewControllerFactory.swift in Sources */ = {isa = PBXBuildFile; fileRef = 2357804C20A20E0A001DBFC4 /* ViewControllerFactory.swift */; };
		2357804F20A20EB0001DBFC4 /* ViewExtension.swift in Sources */ = {isa = PBXBuildFile; fileRef = 2357804E20A20EB0001DBFC4 /* ViewExtension.swift */; };
		2357805320A212A7001DBFC4 /* PasscodeViewController.storyboard in Resources */ = {isa = PBXBuildFile; fileRef = 2357805220A212A7001DBFC4 /* PasscodeViewController.storyboard */; };
		2357805520A212B5001DBFC4 /* PasscodeViewController.swift in Sources */ = {isa = PBXBuildFile; fileRef = 2357805420A212B4001DBFC4 /* PasscodeViewController.swift */; };
		2357805820A213DE001DBFC4 /* PasscodeButton.swift in Sources */ = {isa = PBXBuildFile; fileRef = 2357805720A213DE001DBFC4 /* PasscodeButton.swift */; };
		2357805A20A88C34001DBFC4 /* ServiceFactory.swift in Sources */ = {isa = PBXBuildFile; fileRef = 2357805920A88C34001DBFC4 /* ServiceFactory.swift */; };
		2357805C20A88C3B001DBFC4 /* ViewModelFactory.swift in Sources */ = {isa = PBXBuildFile; fileRef = 2357805B20A88C3B001DBFC4 /* ViewModelFactory.swift */; };
		2357806120A88E07001DBFC4 /* Localizable.strings in Resources */ = {isa = PBXBuildFile; fileRef = 2357806320A88E07001DBFC4 /* Localizable.strings */; };
		2357806620A89100001DBFC4 /* PasscodeViewModel.swift in Sources */ = {isa = PBXBuildFile; fileRef = 2357806520A89100001DBFC4 /* PasscodeViewModel.swift */; };
		2357806920A899B3001DBFC4 /* CAGradientLayerExtension.swift in Sources */ = {isa = PBXBuildFile; fileRef = 2357806820A899B3001DBFC4 /* CAGradientLayerExtension.swift */; };
		2357806C20A89B01001DBFC4 /* SkyFloatingLabelTextField.swift in Sources */ = {isa = PBXBuildFile; fileRef = 2357806A20A89B01001DBFC4 /* SkyFloatingLabelTextField.swift */; };
		2357806D20A89B01001DBFC4 /* SkyFloatingLabelTextFieldWithIcon.swift in Sources */ = {isa = PBXBuildFile; fileRef = 2357806B20A89B01001DBFC4 /* SkyFloatingLabelTextFieldWithIcon.swift */; };
		2357806F20A8C4A3001DBFC4 /* Themes.swift in Sources */ = {isa = PBXBuildFile; fileRef = 2357806E20A8C4A3001DBFC4 /* Themes.swift */; };
		2357807120A8C669001DBFC4 /* TextFieldExtension.swift in Sources */ = {isa = PBXBuildFile; fileRef = 2357807020A8C669001DBFC4 /* TextFieldExtension.swift */; };
		23CC53D120B210AF004F40E3 /* example_concept.gif in Resources */ = {isa = PBXBuildFile; fileRef = 23CC53D020B210AF004F40E3 /* example_concept.gif */; };
		23CC53D420B2E600004F40E3 /* MainViewController.swift in Sources */ = {isa = PBXBuildFile; fileRef = 23CC53D320B2E600004F40E3 /* MainViewController.swift */; };
		23CC53D620B2E61D004F40E3 /* MainViewController.storyboard in Resources */ = {isa = PBXBuildFile; fileRef = 23CC53D520B2E61D004F40E3 /* MainViewController.storyboard */; };
		23CC53D920B2E73D004F40E3 /* PersonalizeViewController.swift in Sources */ = {isa = PBXBuildFile; fileRef = 23CC53D820B2E73D004F40E3 /* PersonalizeViewController.swift */; };
		23CC53DB20B2E746004F40E3 /* PersonalizeViewController.storyboard in Resources */ = {isa = PBXBuildFile; fileRef = 23CC53DA20B2E746004F40E3 /* PersonalizeViewController.storyboard */; };
		23F12B7920CEFA2200D6BA39 /* NewTodoListViewController.swift in Sources */ = {isa = PBXBuildFile; fileRef = 23F12B7820CEFA2200D6BA39 /* NewTodoListViewController.swift */; };
		23F12B7B20CEFA2A00D6BA39 /* NewTodoListViewController.storyboard in Resources */ = {isa = PBXBuildFile; fileRef = 23F12B7A20CEFA2A00D6BA39 /* NewTodoListViewController.storyboard */; };
		23F12B7D20CEFA3D00D6BA39 /* NewTodoTaskViewController.storyboard in Resources */ = {isa = PBXBuildFile; fileRef = 23F12B7C20CEFA3D00D6BA39 /* NewTodoTaskViewController.storyboard */; };
		23F12B7F20CEFA4500D6BA39 /* NewTodoTaskViewController.swift in Sources */ = {isa = PBXBuildFile; fileRef = 23F12B7E20CEFA4500D6BA39 /* NewTodoTaskViewController.swift */; };
		23F12B8120CEFA5200D6BA39 /* NewTodoTaskViewModel.swift in Sources */ = {isa = PBXBuildFile; fileRef = 23F12B8020CEFA5200D6BA39 /* NewTodoTaskViewModel.swift */; };
		23F12B8520CEFC5100D6BA39 /* NewTodoListViewModel.swift in Sources */ = {isa = PBXBuildFile; fileRef = 23F12B8420CEFC5100D6BA39 /* NewTodoListViewModel.swift */; };
		23F12B8820CF037B00D6BA39 /* ChoiceView.swift in Sources */ = {isa = PBXBuildFile; fileRef = 23F12B8720CF037B00D6BA39 /* ChoiceView.swift */; };
		23F12B8A20CF08DD00D6BA39 /* MainService.swift in Sources */ = {isa = PBXBuildFile; fileRef = 23F12B8920CF08DD00D6BA39 /* MainService.swift */; };
/* End PBXBuildFile section */

/* Begin PBXContainerItemProxy section */
		2357803A20A20665001DBFC4 /* PBXContainerItemProxy */ = {
			isa = PBXContainerItemProxy;
			containerPortal = 2357801D20A20662001DBFC4 /* Project object */;
			proxyType = 1;
			remoteGlobalIDString = 2357802420A20662001DBFC4;
			remoteInfo = TTD;
		};
/* End PBXContainerItemProxy section */

/* Begin PBXFileReference section */
		231535C420CB341300883266 /* CollectionViewCell.xib */ = {isa = PBXFileReference; lastKnownFileType = file.xib; path = CollectionViewCell.xib; sourceTree = "<group>"; };
		231535CB20CC00BC00883266 /* CollectionViewExtension.swift */ = {isa = PBXFileReference; lastKnownFileType = sourcecode.swift; path = CollectionViewExtension.swift; sourceTree = "<group>"; };
		231535CD20CC013900883266 /* EmptyCollectionView.swift */ = {isa = PBXFileReference; lastKnownFileType = sourcecode.swift; path = EmptyCollectionView.swift; sourceTree = "<group>"; };
		231535CF20CC014000883266 /* EmptyCollectionView.xib */ = {isa = PBXFileReference; lastKnownFileType = file.xib; path = EmptyCollectionView.xib; sourceTree = "<group>"; };
		23502BD020B2F14600DA00A9 /* CollectionViewCell.swift */ = {isa = PBXFileReference; lastKnownFileType = sourcecode.swift; path = CollectionViewCell.swift; sourceTree = "<group>"; };
		2357802520A20663001DBFC4 /* TTD.app */ = {isa = PBXFileReference; explicitFileType = wrapper.application; includeInIndex = 0; path = TTD.app; sourceTree = BUILT_PRODUCTS_DIR; };
		2357802820A20663001DBFC4 /* AppDelegate.swift */ = {isa = PBXFileReference; lastKnownFileType = sourcecode.swift; path = AppDelegate.swift; sourceTree = "<group>"; };
		2357802F20A20665001DBFC4 /* Assets.xcassets */ = {isa = PBXFileReference; lastKnownFileType = folder.assetcatalog; path = Assets.xcassets; sourceTree = "<group>"; };
		2357803220A20665001DBFC4 /* Base */ = {isa = PBXFileReference; lastKnownFileType = file.storyboard; name = Base; path = Base.lproj/LaunchScreen.storyboard; sourceTree = "<group>"; };
		2357803420A20665001DBFC4 /* Info.plist */ = {isa = PBXFileReference; lastKnownFileType = text.plist.xml; path = Info.plist; sourceTree = "<group>"; };
		2357803920A20665001DBFC4 /* TTDTests.xctest */ = {isa = PBXFileReference; explicitFileType = wrapper.cfbundle; includeInIndex = 0; path = TTDTests.xctest; sourceTree = BUILT_PRODUCTS_DIR; };
		2357803D20A20665001DBFC4 /* TTDTests.swift */ = {isa = PBXFileReference; lastKnownFileType = sourcecode.swift; path = TTDTests.swift; sourceTree = "<group>"; };
		2357803F20A20665001DBFC4 /* Info.plist */ = {isa = PBXFileReference; lastKnownFileType = text.plist.xml; path = Info.plist; sourceTree = "<group>"; };
		2357804920A2068E001DBFC4 /* ColorExtension.swift */ = {isa = PBXFileReference; lastKnownFileType = sourcecode.swift; path = ColorExtension.swift; sourceTree = "<group>"; };
		2357804C20A20E0A001DBFC4 /* ViewControllerFactory.swift */ = {isa = PBXFileReference; lastKnownFileType = sourcecode.swift; path = ViewControllerFactory.swift; sourceTree = "<group>"; };
		2357804E20A20EB0001DBFC4 /* ViewExtension.swift */ = {isa = PBXFileReference; lastKnownFileType = sourcecode.swift; path = ViewExtension.swift; sourceTree = "<group>"; };
		2357805220A212A7001DBFC4 /* PasscodeViewController.storyboard */ = {isa = PBXFileReference; lastKnownFileType = file.storyboard; path = PasscodeViewController.storyboard; sourceTree = "<group>"; };
		2357805420A212B4001DBFC4 /* PasscodeViewController.swift */ = {isa = PBXFileReference; lastKnownFileType = sourcecode.swift; path = PasscodeViewController.swift; sourceTree = "<group>"; };
		2357805720A213DE001DBFC4 /* PasscodeButton.swift */ = {isa = PBXFileReference; lastKnownFileType = sourcecode.swift; path = PasscodeButton.swift; sourceTree = "<group>"; };
		2357805920A88C34001DBFC4 /* ServiceFactory.swift */ = {isa = PBXFileReference; lastKnownFileType = sourcecode.swift; path = ServiceFactory.swift; sourceTree = "<group>"; };
		2357805B20A88C3B001DBFC4 /* ViewModelFactory.swift */ = {isa = PBXFileReference; lastKnownFileType = sourcecode.swift; path = ViewModelFactory.swift; sourceTree = "<group>"; };
		2357806220A88E07001DBFC4 /* en */ = {isa = PBXFileReference; lastKnownFileType = text.plist.strings; name = en; path = en.lproj/Localizable.strings; sourceTree = "<group>"; };
		2357806420A88E4B001DBFC4 /* de */ = {isa = PBXFileReference; lastKnownFileType = text.plist.strings; name = de; path = de.lproj/Localizable.strings; sourceTree = "<group>"; };
		2357806520A89100001DBFC4 /* PasscodeViewModel.swift */ = {isa = PBXFileReference; lastKnownFileType = sourcecode.swift; path = PasscodeViewModel.swift; sourceTree = "<group>"; };
		2357806820A899B3001DBFC4 /* CAGradientLayerExtension.swift */ = {isa = PBXFileReference; lastKnownFileType = sourcecode.swift; path = CAGradientLayerExtension.swift; sourceTree = "<group>"; };
		2357806A20A89B01001DBFC4 /* SkyFloatingLabelTextField.swift */ = {isa = PBXFileReference; fileEncoding = 4; lastKnownFileType = sourcecode.swift; path = SkyFloatingLabelTextField.swift; sourceTree = "<group>"; };
		2357806B20A89B01001DBFC4 /* SkyFloatingLabelTextFieldWithIcon.swift */ = {isa = PBXFileReference; fileEncoding = 4; lastKnownFileType = sourcecode.swift; path = SkyFloatingLabelTextFieldWithIcon.swift; sourceTree = "<group>"; };
		2357806E20A8C4A3001DBFC4 /* Themes.swift */ = {isa = PBXFileReference; lastKnownFileType = sourcecode.swift; path = Themes.swift; sourceTree = "<group>"; };
		2357807020A8C669001DBFC4 /* TextFieldExtension.swift */ = {isa = PBXFileReference; lastKnownFileType = sourcecode.swift; path = TextFieldExtension.swift; sourceTree = "<group>"; };
		23CC53CF20B20CA2004F40E3 /* README.md */ = {isa = PBXFileReference; lastKnownFileType = net.daringfireball.markdown; path = README.md; sourceTree = "<group>"; };
		23CC53D020B210AF004F40E3 /* example_concept.gif */ = {isa = PBXFileReference; lastKnownFileType = image.gif; path = example_concept.gif; sourceTree = "<group>"; };
		23CC53D320B2E600004F40E3 /* MainViewController.swift */ = {isa = PBXFileReference; lastKnownFileType = sourcecode.swift; path = MainViewController.swift; sourceTree = "<group>"; };
		23CC53D520B2E61D004F40E3 /* MainViewController.storyboard */ = {isa = PBXFileReference; lastKnownFileType = file.storyboard; path = MainViewController.storyboard; sourceTree = "<group>"; };
		23CC53D820B2E73D004F40E3 /* PersonalizeViewController.swift */ = {isa = PBXFileReference; lastKnownFileType = sourcecode.swift; path = PersonalizeViewController.swift; sourceTree = "<group>"; };
		23CC53DA20B2E746004F40E3 /* PersonalizeViewController.storyboard */ = {isa = PBXFileReference; lastKnownFileType = file.storyboard; path = PersonalizeViewController.storyboard; sourceTree = "<group>"; };
		23F12B7820CEFA2200D6BA39 /* NewTodoListViewController.swift */ = {isa = PBXFileReference; lastKnownFileType = sourcecode.swift; path = NewTodoListViewController.swift; sourceTree = "<group>"; };
		23F12B7A20CEFA2A00D6BA39 /* NewTodoListViewController.storyboard */ = {isa = PBXFileReference; lastKnownFileType = file.storyboard; path = NewTodoListViewController.storyboard; sourceTree = "<group>"; };
		23F12B7C20CEFA3D00D6BA39 /* NewTodoTaskViewController.storyboard */ = {isa = PBXFileReference; lastKnownFileType = file.storyboard; path = NewTodoTaskViewController.storyboard; sourceTree = "<group>"; };
		23F12B7E20CEFA4500D6BA39 /* NewTodoTaskViewController.swift */ = {isa = PBXFileReference; lastKnownFileType = sourcecode.swift; path = NewTodoTaskViewController.swift; sourceTree = "<group>"; };
		23F12B8020CEFA5200D6BA39 /* NewTodoTaskViewModel.swift */ = {isa = PBXFileReference; lastKnownFileType = sourcecode.swift; path = NewTodoTaskViewModel.swift; sourceTree = "<group>"; };
		23F12B8420CEFC5100D6BA39 /* NewTodoListViewModel.swift */ = {isa = PBXFileReference; lastKnownFileType = sourcecode.swift; path = NewTodoListViewModel.swift; sourceTree = "<group>"; };
		23F12B8720CF037B00D6BA39 /* ChoiceView.swift */ = {isa = PBXFileReference; lastKnownFileType = sourcecode.swift; path = ChoiceView.swift; sourceTree = "<group>"; };
		23F12B8920CF08DD00D6BA39 /* MainService.swift */ = {isa = PBXFileReference; lastKnownFileType = sourcecode.swift; path = MainService.swift; sourceTree = "<group>"; };
/* End PBXFileReference section */

/* Begin PBXFrameworksBuildPhase section */
		2357802220A20662001DBFC4 /* Frameworks */ = {
			isa = PBXFrameworksBuildPhase;
			buildActionMask = 2147483647;
			files = (
			);
			runOnlyForDeploymentPostprocessing = 0;
		};
		2357803620A20665001DBFC4 /* Frameworks */ = {
			isa = PBXFrameworksBuildPhase;
			buildActionMask = 2147483647;
			files = (
			);
			runOnlyForDeploymentPostprocessing = 0;
		};
/* End PBXFrameworksBuildPhase section */

/* Begin PBXGroup section */
		231535CA20CC008300883266 /* Extensions */ = {
			isa = PBXGroup;
			children = (
				2357804920A2068E001DBFC4 /* ColorExtension.swift */,
				2357804E20A20EB0001DBFC4 /* ViewExtension.swift */,
				2357806820A899B3001DBFC4 /* CAGradientLayerExtension.swift */,
				2357807020A8C669001DBFC4 /* TextFieldExtension.swift */,
				231535CB20CC00BC00883266 /* CollectionViewExtension.swift */,
			);
			path = Extensions;
			sourceTree = "<group>";
		};
		2357801C20A20662001DBFC4 = {
			isa = PBXGroup;
			children = (
				23CC53CF20B20CA2004F40E3 /* README.md */,
				23CC53D020B210AF004F40E3 /* example_concept.gif */,
				2357802720A20663001DBFC4 /* TTD */,
				2357803C20A20665001DBFC4 /* TTDTests */,
				2357802620A20663001DBFC4 /* Products */,
			);
			sourceTree = "<group>";
		};
		2357802620A20663001DBFC4 /* Products */ = {
			isa = PBXGroup;
			children = (
				2357802520A20663001DBFC4 /* TTD.app */,
				2357803920A20665001DBFC4 /* TTDTests.xctest */,
			);
			name = Products;
			sourceTree = "<group>";
		};
		2357802720A20663001DBFC4 /* TTD */ = {
			isa = PBXGroup;
			children = (
				23CC53CE20B20C51004F40E3 /* Supporting Files */,
				2357806320A88E07001DBFC4 /* Localizable.strings */,
				2357804B20A20DFD001DBFC4 /* Factories */,
				2357804820A2067F001DBFC4 /* Utils */,
				2357805020A21291001DBFC4 /* Screens */,
				2357803120A20665001DBFC4 /* LaunchScreen.storyboard */,
			);
			path = TTD;
			sourceTree = "<group>";
		};
		2357803C20A20665001DBFC4 /* TTDTests */ = {
			isa = PBXGroup;
			children = (
				2357803D20A20665001DBFC4 /* TTDTests.swift */,
				2357803F20A20665001DBFC4 /* Info.plist */,
			);
			path = TTDTests;
			sourceTree = "<group>";
		};
		2357804820A2067F001DBFC4 /* Utils */ = {
			isa = PBXGroup;
			children = (
				231535CA20CC008300883266 /* Extensions */,
				2357805620A213C4001DBFC4 /* Shared Views */,
				2357806E20A8C4A3001DBFC4 /* Themes.swift */,
			);
			path = Utils;
			sourceTree = "<group>";
		};
		2357804B20A20DFD001DBFC4 /* Factories */ = {
			isa = PBXGroup;
			children = (
				2357804C20A20E0A001DBFC4 /* ViewControllerFactory.swift */,
				2357805920A88C34001DBFC4 /* ServiceFactory.swift */,
				2357805B20A88C3B001DBFC4 /* ViewModelFactory.swift */,
			);
			path = Factories;
			sourceTree = "<group>";
		};
		2357805020A21291001DBFC4 /* Screens */ = {
			isa = PBXGroup;
			children = (
				23CC53D720B2E72D004F40E3 /* Personalize */,
				23CC53D220B2E5F1004F40E3 /* Main */,
				23F12B7620CEF97B00D6BA39 /* NewTodoList */,
				23F12B7720CEF9A800D6BA39 /* NewTodoTask */,
				2357805120A2129B001DBFC4 /* Passcode */,
			);
			path = Screens;
			sourceTree = "<group>";
		};
		2357805120A2129B001DBFC4 /* Passcode */ = {
			isa = PBXGroup;
			children = (
				2357806720A89106001DBFC4 /* ViewModel */,
				2357805220A212A7001DBFC4 /* PasscodeViewController.storyboard */,
				2357805420A212B4001DBFC4 /* PasscodeViewController.swift */,
			);
			path = Passcode;
			sourceTree = "<group>";
		};
		2357805620A213C4001DBFC4 /* Shared Views */ = {
			isa = PBXGroup;
			children = (
				2357806A20A89B01001DBFC4 /* SkyFloatingLabelTextField.swift */,
				2357806B20A89B01001DBFC4 /* SkyFloatingLabelTextFieldWithIcon.swift */,
				2357805720A213DE001DBFC4 /* PasscodeButton.swift */,
			);
			path = "Shared Views";
			sourceTree = "<group>";
		};
		2357806720A89106001DBFC4 /* ViewModel */ = {
			isa = PBXGroup;
			children = (
				2357806520A89100001DBFC4 /* PasscodeViewModel.swift */,
			);
			path = ViewModel;
			sourceTree = "<group>";
		};
		23CC53CE20B20C51004F40E3 /* Supporting Files */ = {
			isa = PBXGroup;
			children = (
				2357802820A20663001DBFC4 /* AppDelegate.swift */,
				2357802F20A20665001DBFC4 /* Assets.xcassets */,
				2357803420A20665001DBFC4 /* Info.plist */,
			);
			name = "Supporting Files";
			sourceTree = "<group>";
		};
		23CC53D220B2E5F1004F40E3 /* Main */ = {
			isa = PBXGroup;
			children = (
				23F12B8B20CF08E100D6BA39 /* Service */,
				23CC53DC20B2E845004F40E3 /* Collection View */,
				23CC53D320B2E600004F40E3 /* MainViewController.swift */,
				23CC53D520B2E61D004F40E3 /* MainViewController.storyboard */,
			);
			path = Main;
			sourceTree = "<group>";
		};
		23CC53D720B2E72D004F40E3 /* Personalize */ = {
			isa = PBXGroup;
			children = (
				23CC53D820B2E73D004F40E3 /* PersonalizeViewController.swift */,
				23CC53DA20B2E746004F40E3 /* PersonalizeViewController.storyboard */,
			);
			path = Personalize;
			sourceTree = "<group>";
		};
		23CC53DC20B2E845004F40E3 /* Collection View */ = {
			isa = PBXGroup;
			children = (
				23502BD020B2F14600DA00A9 /* CollectionViewCell.swift */,
				231535C420CB341300883266 /* CollectionViewCell.xib */,
				231535CD20CC013900883266 /* EmptyCollectionView.swift */,
				231535CF20CC014000883266 /* EmptyCollectionView.xib */,
			);
			path = "Collection View";
			sourceTree = "<group>";
		};
		23F12B7620CEF97B00D6BA39 /* NewTodoList */ = {
			isa = PBXGroup;
			children = (
				23F12B8320CEFC4500D6BA39 /* ViewModels */,
				23F12B8620CF036B00D6BA39 /* ChoiceView */,
				23F12B7820CEFA2200D6BA39 /* NewTodoListViewController.swift */,
				23F12B7A20CEFA2A00D6BA39 /* NewTodoListViewController.storyboard */,
			);
			path = NewTodoList;
			sourceTree = "<group>";
		};
		23F12B7720CEF9A800D6BA39 /* NewTodoTask */ = {
			isa = PBXGroup;
			children = (
				23F12B8220CEFA5900D6BA39 /* ViewModel */,
				23F12B7E20CEFA4500D6BA39 /* NewTodoTaskViewController.swift */,
				23F12B7C20CEFA3D00D6BA39 /* NewTodoTaskViewController.storyboard */,
			);
			path = NewTodoTask;
			sourceTree = "<group>";
		};
		23F12B8220CEFA5900D6BA39 /* ViewModel */ = {
			isa = PBXGroup;
			children = (
				23F12B8020CEFA5200D6BA39 /* NewTodoTaskViewModel.swift */,
			);
			path = ViewModel;
			sourceTree = "<group>";
		};
		23F12B8320CEFC4500D6BA39 /* ViewModels */ = {
			isa = PBXGroup;
			children = (
				23F12B8420CEFC5100D6BA39 /* NewTodoListViewModel.swift */,
			);
			path = ViewModels;
			sourceTree = "<group>";
		};
		23F12B8620CF036B00D6BA39 /* ChoiceView */ = {
			isa = PBXGroup;
			children = (
				23F12B8720CF037B00D6BA39 /* ChoiceView.swift */,
			);
			path = ChoiceView;
			sourceTree = "<group>";
		};
		23F12B8B20CF08E100D6BA39 /* Service */ = {
			isa = PBXGroup;
			children = (
				23F12B8920CF08DD00D6BA39 /* MainService.swift */,
			);
			path = Service;
			sourceTree = "<group>";
		};
/* End PBXGroup section */

/* Begin PBXNativeTarget section */
		2357802420A20662001DBFC4 /* TTD */ = {
			isa = PBXNativeTarget;
			buildConfigurationList = 2357804220A20665001DBFC4 /* Build configuration list for PBXNativeTarget "TTD" */;
			buildPhases = (
				2357802120A20662001DBFC4 /* Sources */,
				2357802220A20662001DBFC4 /* Frameworks */,
				2357802320A20662001DBFC4 /* Resources */,
			);
			buildRules = (
			);
			dependencies = (
			);
			name = TTD;
			productName = TTD;
			productReference = 2357802520A20663001DBFC4 /* TTD.app */;
			productType = "com.apple.product-type.application";
		};
		2357803820A20665001DBFC4 /* TTDTests */ = {
			isa = PBXNativeTarget;
			buildConfigurationList = 2357804520A20665001DBFC4 /* Build configuration list for PBXNativeTarget "TTDTests" */;
			buildPhases = (
				2357803520A20665001DBFC4 /* Sources */,
				2357803620A20665001DBFC4 /* Frameworks */,
				2357803720A20665001DBFC4 /* Resources */,
			);
			buildRules = (
			);
			dependencies = (
				2357803B20A20665001DBFC4 /* PBXTargetDependency */,
			);
			name = TTDTests;
			productName = TTDTests;
			productReference = 2357803920A20665001DBFC4 /* TTDTests.xctest */;
			productType = "com.apple.product-type.bundle.unit-test";
		};
/* End PBXNativeTarget section */

/* Begin PBXProject section */
		2357801D20A20662001DBFC4 /* Project object */ = {
			isa = PBXProject;
			attributes = {
				LastSwiftUpdateCheck = 0930;
				LastUpgradeCheck = 0930;
				ORGANIZATIONNAME = "Catharina Herchert";
				TargetAttributes = {
					2357802420A20662001DBFC4 = {
						CreatedOnToolsVersion = 9.3;
					};
					2357803820A20665001DBFC4 = {
						CreatedOnToolsVersion = 9.3;
						TestTargetID = 2357802420A20662001DBFC4;
					};
				};
			};
			buildConfigurationList = 2357802020A20662001DBFC4 /* Build configuration list for PBXProject "TTD" */;
			compatibilityVersion = "Xcode 9.3";
			developmentRegion = en;
			hasScannedForEncodings = 0;
			knownRegions = (
				en,
				Base,
				de,
			);
			mainGroup = 2357801C20A20662001DBFC4;
			productRefGroup = 2357802620A20663001DBFC4 /* Products */;
			projectDirPath = "";
			projectRoot = "";
			targets = (
				2357802420A20662001DBFC4 /* TTD */,
				2357803820A20665001DBFC4 /* TTDTests */,
			);
		};
/* End PBXProject section */

/* Begin PBXResourcesBuildPhase section */
		2357802320A20662001DBFC4 /* Resources */ = {
			isa = PBXResourcesBuildPhase;
			buildActionMask = 2147483647;
			files = (
				23F12B7B20CEFA2A00D6BA39 /* NewTodoListViewController.storyboard in Resources */,
				23CC53D120B210AF004F40E3 /* example_concept.gif in Resources */,
				231535D020CC014000883266 /* EmptyCollectionView.xib in Resources */,
				23F12B7D20CEFA3D00D6BA39 /* NewTodoTaskViewController.storyboard in Resources */,
				2357806120A88E07001DBFC4 /* Localizable.strings in Resources */,
				2357803320A20665001DBFC4 /* LaunchScreen.storyboard in Resources */,
				2357803020A20665001DBFC4 /* Assets.xcassets in Resources */,
				2357805320A212A7001DBFC4 /* PasscodeViewController.storyboard in Resources */,
				23CC53DB20B2E746004F40E3 /* PersonalizeViewController.storyboard in Resources */,
				23CC53D620B2E61D004F40E3 /* MainViewController.storyboard in Resources */,
				231535C520CB341300883266 /* CollectionViewCell.xib in Resources */,
			);
			runOnlyForDeploymentPostprocessing = 0;
		};
		2357803720A20665001DBFC4 /* Resources */ = {
			isa = PBXResourcesBuildPhase;
			buildActionMask = 2147483647;
			files = (
			);
			runOnlyForDeploymentPostprocessing = 0;
		};
/* End PBXResourcesBuildPhase section */

/* Begin PBXSourcesBuildPhase section */
		2357802120A20662001DBFC4 /* Sources */ = {
			isa = PBXSourcesBuildPhase;
			buildActionMask = 2147483647;
			files = (
				2357806620A89100001DBFC4 /* PasscodeViewModel.swift in Sources */,
				23F12B8820CF037B00D6BA39 /* ChoiceView.swift in Sources */,
				2357805A20A88C34001DBFC4 /* ServiceFactory.swift in Sources */,
				2357804A20A2068E001DBFC4 /* ColorExtension.swift in Sources */,
				23CC53D920B2E73D004F40E3 /* PersonalizeViewController.swift in Sources */,
				2357807120A8C669001DBFC4 /* TextFieldExtension.swift in Sources */,
				23F12B8A20CF08DD00D6BA39 /* MainService.swift in Sources */,
				23502BD120B2F14600DA00A9 /* CollectionViewCell.swift in Sources */,
				23F12B7F20CEFA4500D6BA39 /* NewTodoTaskViewController.swift in Sources */,
				2357805820A213DE001DBFC4 /* PasscodeButton.swift in Sources */,
				23F12B8120CEFA5200D6BA39 /* NewTodoTaskViewModel.swift in Sources */,
				2357804D20A20E0A001DBFC4 /* ViewControllerFactory.swift in Sources */,
				231535CC20CC00BC00883266 /* CollectionViewExtension.swift in Sources */,
				23F12B7920CEFA2200D6BA39 /* NewTodoListViewController.swift in Sources */,
				2357804F20A20EB0001DBFC4 /* ViewExtension.swift in Sources */,
				23CC53D420B2E600004F40E3 /* MainViewController.swift in Sources */,
				2357806C20A89B01001DBFC4 /* SkyFloatingLabelTextField.swift in Sources */,
				2357806F20A8C4A3001DBFC4 /* Themes.swift in Sources */,
				2357805C20A88C3B001DBFC4 /* ViewModelFactory.swift in Sources */,
				2357806D20A89B01001DBFC4 /* SkyFloatingLabelTextFieldWithIcon.swift in Sources */,
				2357805520A212B5001DBFC4 /* PasscodeViewController.swift in Sources */,
				231535CE20CC013900883266 /* EmptyCollectionView.swift in Sources */,
				23F12B8520CEFC5100D6BA39 /* NewTodoListViewModel.swift in Sources */,
				2357802920A20663001DBFC4 /* AppDelegate.swift in Sources */,
				2357806920A899B3001DBFC4 /* CAGradientLayerExtension.swift in Sources */,
			);
			runOnlyForDeploymentPostprocessing = 0;
		};
		2357803520A20665001DBFC4 /* Sources */ = {
			isa = PBXSourcesBuildPhase;
			buildActionMask = 2147483647;
			files = (
				2357803E20A20665001DBFC4 /* TTDTests.swift in Sources */,
			);
			runOnlyForDeploymentPostprocessing = 0;
		};
/* End PBXSourcesBuildPhase section */

/* Begin PBXTargetDependency section */
		2357803B20A20665001DBFC4 /* PBXTargetDependency */ = {
			isa = PBXTargetDependency;
			target = 2357802420A20662001DBFC4 /* TTD */;
			targetProxy = 2357803A20A20665001DBFC4 /* PBXContainerItemProxy */;
		};
/* End PBXTargetDependency section */

/* Begin PBXVariantGroup section */
		2357803120A20665001DBFC4 /* LaunchScreen.storyboard */ = {
			isa = PBXVariantGroup;
			children = (
				2357803220A20665001DBFC4 /* Base */,
			);
			name = LaunchScreen.storyboard;
			sourceTree = "<group>";
		};
		2357806320A88E07001DBFC4 /* Localizable.strings */ = {
			isa = PBXVariantGroup;
			children = (
				2357806220A88E07001DBFC4 /* en */,
				2357806420A88E4B001DBFC4 /* de */,
			);
			name = Localizable.strings;
			sourceTree = "<group>";
		};
/* End PBXVariantGroup section */

/* Begin XCBuildConfiguration section */
		2357804020A20665001DBFC4 /* Debug */ = {
			isa = XCBuildConfiguration;
			buildSettings = {
				ALWAYS_SEARCH_USER_PATHS = NO;
				CLANG_ANALYZER_LOCALIZABILITY_NONLOCALIZED = YES;
				CLANG_ANALYZER_NONNULL = YES;
				CLANG_ANALYZER_NUMBER_OBJECT_CONVERSION = YES_AGGRESSIVE;
				CLANG_CXX_LANGUAGE_STANDARD = "gnu++14";
				CLANG_CXX_LIBRARY = "libc++";
				CLANG_ENABLE_MODULES = YES;
				CLANG_ENABLE_OBJC_ARC = YES;
				CLANG_ENABLE_OBJC_WEAK = YES;
				CLANG_WARN_BLOCK_CAPTURE_AUTORELEASING = YES;
				CLANG_WARN_BOOL_CONVERSION = YES;
				CLANG_WARN_COMMA = YES;
				CLANG_WARN_CONSTANT_CONVERSION = YES;
				CLANG_WARN_DEPRECATED_OBJC_IMPLEMENTATIONS = YES;
				CLANG_WARN_DIRECT_OBJC_ISA_USAGE = YES_ERROR;
				CLANG_WARN_DOCUMENTATION_COMMENTS = YES;
				CLANG_WARN_EMPTY_BODY = YES;
				CLANG_WARN_ENUM_CONVERSION = YES;
				CLANG_WARN_INFINITE_RECURSION = YES;
				CLANG_WARN_INT_CONVERSION = YES;
				CLANG_WARN_NON_LITERAL_NULL_CONVERSION = YES;
				CLANG_WARN_OBJC_IMPLICIT_RETAIN_SELF = YES;
				CLANG_WARN_OBJC_LITERAL_CONVERSION = YES;
				CLANG_WARN_OBJC_ROOT_CLASS = YES_ERROR;
				CLANG_WARN_RANGE_LOOP_ANALYSIS = YES;
				CLANG_WARN_STRICT_PROTOTYPES = YES;
				CLANG_WARN_SUSPICIOUS_MOVE = YES;
				CLANG_WARN_UNGUARDED_AVAILABILITY = YES_AGGRESSIVE;
				CLANG_WARN_UNREACHABLE_CODE = YES;
				CLANG_WARN__DUPLICATE_METHOD_MATCH = YES;
				CODE_SIGN_IDENTITY = "iPhone Developer";
				COPY_PHASE_STRIP = NO;
				DEBUG_INFORMATION_FORMAT = dwarf;
				ENABLE_STRICT_OBJC_MSGSEND = YES;
				ENABLE_TESTABILITY = YES;
				GCC_C_LANGUAGE_STANDARD = gnu11;
				GCC_DYNAMIC_NO_PIC = NO;
				GCC_NO_COMMON_BLOCKS = YES;
				GCC_OPTIMIZATION_LEVEL = 0;
				GCC_PREPROCESSOR_DEFINITIONS = (
					"DEBUG=1",
					"$(inherited)",
				);
				GCC_WARN_64_TO_32_BIT_CONVERSION = YES;
				GCC_WARN_ABOUT_RETURN_TYPE = YES_ERROR;
				GCC_WARN_UNDECLARED_SELECTOR = YES;
				GCC_WARN_UNINITIALIZED_AUTOS = YES_AGGRESSIVE;
				GCC_WARN_UNUSED_FUNCTION = YES;
				GCC_WARN_UNUSED_VARIABLE = YES;
				IPHONEOS_DEPLOYMENT_TARGET = 11.3;
				MTL_ENABLE_DEBUG_INFO = YES;
				ONLY_ACTIVE_ARCH = YES;
				SDKROOT = iphoneos;
				SWIFT_ACTIVE_COMPILATION_CONDITIONS = DEBUG;
				SWIFT_OPTIMIZATION_LEVEL = "-Onone";
			};
			name = Debug;
		};
		2357804120A20665001DBFC4 /* Release */ = {
			isa = XCBuildConfiguration;
			buildSettings = {
				ALWAYS_SEARCH_USER_PATHS = NO;
				CLANG_ANALYZER_LOCALIZABILITY_NONLOCALIZED = YES;
				CLANG_ANALYZER_NONNULL = YES;
				CLANG_ANALYZER_NUMBER_OBJECT_CONVERSION = YES_AGGRESSIVE;
				CLANG_CXX_LANGUAGE_STANDARD = "gnu++14";
				CLANG_CXX_LIBRARY = "libc++";
				CLANG_ENABLE_MODULES = YES;
				CLANG_ENABLE_OBJC_ARC = YES;
				CLANG_ENABLE_OBJC_WEAK = YES;
				CLANG_WARN_BLOCK_CAPTURE_AUTORELEASING = YES;
				CLANG_WARN_BOOL_CONVERSION = YES;
				CLANG_WARN_COMMA = YES;
				CLANG_WARN_CONSTANT_CONVERSION = YES;
				CLANG_WARN_DEPRECATED_OBJC_IMPLEMENTATIONS = YES;
				CLANG_WARN_DIRECT_OBJC_ISA_USAGE = YES_ERROR;
				CLANG_WARN_DOCUMENTATION_COMMENTS = YES;
				CLANG_WARN_EMPTY_BODY = YES;
				CLANG_WARN_ENUM_CONVERSION = YES;
				CLANG_WARN_INFINITE_RECURSION = YES;
				CLANG_WARN_INT_CONVERSION = YES;
				CLANG_WARN_NON_LITERAL_NULL_CONVERSION = YES;
				CLANG_WARN_OBJC_IMPLICIT_RETAIN_SELF = YES;
				CLANG_WARN_OBJC_LITERAL_CONVERSION = YES;
				CLANG_WARN_OBJC_ROOT_CLASS = YES_ERROR;
				CLANG_WARN_RANGE_LOOP_ANALYSIS = YES;
				CLANG_WARN_STRICT_PROTOTYPES = YES;
				CLANG_WARN_SUSPICIOUS_MOVE = YES;
				CLANG_WARN_UNGUARDED_AVAILABILITY = YES_AGGRESSIVE;
				CLANG_WARN_UNREACHABLE_CODE = YES;
				CLANG_WARN__DUPLICATE_METHOD_MATCH = YES;
				CODE_SIGN_IDENTITY = "iPhone Developer";
				COPY_PHASE_STRIP = NO;
				DEBUG_INFORMATION_FORMAT = "dwarf-with-dsym";
				ENABLE_NS_ASSERTIONS = NO;
				ENABLE_STRICT_OBJC_MSGSEND = YES;
				GCC_C_LANGUAGE_STANDARD = gnu11;
				GCC_NO_COMMON_BLOCKS = YES;
				GCC_WARN_64_TO_32_BIT_CONVERSION = YES;
				GCC_WARN_ABOUT_RETURN_TYPE = YES_ERROR;
				GCC_WARN_UNDECLARED_SELECTOR = YES;
				GCC_WARN_UNINITIALIZED_AUTOS = YES_AGGRESSIVE;
				GCC_WARN_UNUSED_FUNCTION = YES;
				GCC_WARN_UNUSED_VARIABLE = YES;
				IPHONEOS_DEPLOYMENT_TARGET = 11.3;
				MTL_ENABLE_DEBUG_INFO = NO;
				SDKROOT = iphoneos;
				SWIFT_COMPILATION_MODE = wholemodule;
				SWIFT_OPTIMIZATION_LEVEL = "-O";
				VALIDATE_PRODUCT = YES;
			};
			name = Release;
		};
		2357804320A20665001DBFC4 /* Debug */ = {
			isa = XCBuildConfiguration;
			buildSettings = {
				ASSETCATALOG_COMPILER_APPICON_NAME = AppIcon;
				CODE_SIGN_STYLE = Automatic;
				INFOPLIST_FILE = TTD/Info.plist;
				LD_RUNPATH_SEARCH_PATHS = (
					"$(inherited)",
					"@executable_path/Frameworks",
				);
				PRODUCT_BUNDLE_IDENTIFIER = de.itinka.TTD;
				PRODUCT_NAME = "$(TARGET_NAME)";
				SWIFT_VERSION = 4.0;
				TARGETED_DEVICE_FAMILY = 1;
			};
			name = Debug;
		};
		2357804420A20665001DBFC4 /* Release */ = {
			isa = XCBuildConfiguration;
			buildSettings = {
				ASSETCATALOG_COMPILER_APPICON_NAME = AppIcon;
				CODE_SIGN_STYLE = Automatic;
				INFOPLIST_FILE = TTD/Info.plist;
				LD_RUNPATH_SEARCH_PATHS = (
					"$(inherited)",
					"@executable_path/Frameworks",
				);
				PRODUCT_BUNDLE_IDENTIFIER = de.itinka.TTD;
				PRODUCT_NAME = "$(TARGET_NAME)";
				SWIFT_VERSION = 4.0;
				TARGETED_DEVICE_FAMILY = 1;
			};
			name = Release;
		};
		2357804620A20665001DBFC4 /* Debug */ = {
			isa = XCBuildConfiguration;
			buildSettings = {
				ALWAYS_EMBED_SWIFT_STANDARD_LIBRARIES = YES;
				BUNDLE_LOADER = "$(TEST_HOST)";
				CODE_SIGN_STYLE = Automatic;
				INFOPLIST_FILE = TTDTests/Info.plist;
				LD_RUNPATH_SEARCH_PATHS = (
					"$(inherited)",
					"@executable_path/Frameworks",
					"@loader_path/Frameworks",
				);
				PRODUCT_BUNDLE_IDENTIFIER = de.itinka.TTDTests;
				PRODUCT_NAME = "$(TARGET_NAME)";
				SWIFT_VERSION = 4.0;
				TARGETED_DEVICE_FAMILY = "1,2";
				TEST_HOST = "$(BUILT_PRODUCTS_DIR)/TTD.app/TTD";
			};
			name = Debug;
		};
		2357804720A20665001DBFC4 /* Release */ = {
			isa = XCBuildConfiguration;
			buildSettings = {
				ALWAYS_EMBED_SWIFT_STANDARD_LIBRARIES = YES;
				BUNDLE_LOADER = "$(TEST_HOST)";
				CODE_SIGN_STYLE = Automatic;
				INFOPLIST_FILE = TTDTests/Info.plist;
				LD_RUNPATH_SEARCH_PATHS = (
					"$(inherited)",
					"@executable_path/Frameworks",
					"@loader_path/Frameworks",
				);
				PRODUCT_BUNDLE_IDENTIFIER = de.itinka.TTDTests;
				PRODUCT_NAME = "$(TARGET_NAME)";
				SWIFT_VERSION = 4.0;
				TARGETED_DEVICE_FAMILY = "1,2";
				TEST_HOST = "$(BUILT_PRODUCTS_DIR)/TTD.app/TTD";
			};
			name = Release;
		};
/* End XCBuildConfiguration section */

/* Begin XCConfigurationList section */
		2357802020A20662001DBFC4 /* Build configuration list for PBXProject "TTD" */ = {
			isa = XCConfigurationList;
			buildConfigurations = (
				2357804020A20665001DBFC4 /* Debug */,
				2357804120A20665001DBFC4 /* Release */,
			);
			defaultConfigurationIsVisible = 0;
			defaultConfigurationName = Release;
		};
		2357804220A20665001DBFC4 /* Build configuration list for PBXNativeTarget "TTD" */ = {
			isa = XCConfigurationList;
			buildConfigurations = (
				2357804320A20665001DBFC4 /* Debug */,
				2357804420A20665001DBFC4 /* Release */,
			);
			defaultConfigurationIsVisible = 0;
			defaultConfigurationName = Release;
		};
		2357804520A20665001DBFC4 /* Build configuration list for PBXNativeTarget "TTDTests" */ = {
			isa = XCConfigurationList;
			buildConfigurations = (
				2357804620A20665001DBFC4 /* Debug */,
				2357804720A20665001DBFC4 /* Release */,
			);
			defaultConfigurationIsVisible = 0;
			defaultConfigurationName = Release;
		};
/* End XCConfigurationList section */
	};
	rootObject = 2357801D20A20662001DBFC4 /* Project object */;
}
